
Microsoft Visual Studio Solution File, Format Version 12.00
# Visual Studio Version 16
VisualStudioVersion = 16.0.29613.14
MinimumVisualStudioVersion = 10.0.40219.1
Project("{2150E333-8FDC-42A3-9474-1A3956D46DE8}") = "Microservices", "Microservices", "{988B6EB0-FEA4-43E9-9E35-E0C14D521C44}"
EndProject
Project("{2150E333-8FDC-42A3-9474-1A3956D46DE8}") = "Domain", "Domain", "{BD6ACC42-B191-4381-9136-395984F865E0}"
EndProject
Project("{2150E333-8FDC-42A3-9474-1A3956D46DE8}") = "Infra.Bus", "Infra.Bus", "{D25003E9-D0F6-49CC-AD0D-DE04199EBDC7}"
EndProject
Project("{2150E333-8FDC-42A3-9474-1A3956D46DE8}") = "Infra.IoC", "Infra.IoC", "{E3B86744-9F32-4E23-9E55-4AF11295F850}"
EndProject
Project("{2150E333-8FDC-42A3-9474-1A3956D46DE8}") = "Presentation", "Presentation", "{A749AA72-90DA-4017-B787-281832C3823F}"
EndProject
Project("{FAE04EC0-301F-11D3-BF4B-00C04F79EFBC}") = "MicroRabbit.Domain.Core", "MicroRabbit.Domain.Core\MicroRabbit.Domain.Core.csproj", "{890ECC86-3404-4753-9C41-6E029C9FBF05}"
EndProject
Project("{FAE04EC0-301F-11D3-BF4B-00C04F79EFBC}") = "MicroRabbit.Infra.Bus", "MicroRabbit.Infra.Bus\MicroRabbit.Infra.Bus.csproj", "{EEB652EE-B910-49E8-979B-A28DD24D7136}"
EndProject
Project("{FAE04EC0-301F-11D3-BF4B-00C04F79EFBC}") = "MicroRabbit.Infra.IoC", "MicroRabbit.Infra.IoC\MicroRabbit.Infra.IoC.csproj", "{60F81532-ED36-4645-9470-06D3B40AF530}"
EndProject
Global
	GlobalSection(SolutionConfigurationPlatforms) = preSolution
		Debug|Any CPU = Debug|Any CPU
		Release|Any CPU = Release|Any CPU
	EndGlobalSection
	GlobalSection(ProjectConfigurationPlatforms) = postSolution
		{890ECC86-3404-4753-9C41-6E029C9FBF05}.Debug|Any CPU.ActiveCfg = Debug|Any CPU
		{890ECC86-3404-4753-9C41-6E029C9FBF05}.Debug|Any CPU.Build.0 = Debug|Any CPU
		{890ECC86-3404-4753-9C41-6E029C9FBF05}.Release|Any CPU.ActiveCfg = Release|Any CPU
		{890ECC86-3404-4753-9C41-6E029C9FBF05}.Release|Any CPU.Build.0 = Release|Any CPU
		{EEB652EE-B910-49E8-979B-A28DD24D7136}.Debug|Any CPU.ActiveCfg = Debug|Any CPU
		{EEB652EE-B910-49E8-979B-A28DD24D7136}.Debug|Any CPU.Build.0 = Debug|Any CPU
		{EEB652EE-B910-49E8-979B-A28DD24D7136}.Release|Any CPU.ActiveCfg = Release|Any CPU
		{EEB652EE-B910-49E8-979B-A28DD24D7136}.Release|Any CPU.Build.0 = Release|Any CPU
		{60F81532-ED36-4645-9470-06D3B40AF530}.Debug|Any CPU.ActiveCfg = Debug|Any CPU
		{60F81532-ED36-4645-9470-06D3B40AF530}.Debug|Any CPU.Build.0 = Debug|Any CPU
		{60F81532-ED36-4645-9470-06D3B40AF530}.Release|Any CPU.ActiveCfg = Release|Any CPU
		{60F81532-ED36-4645-9470-06D3B40AF530}.Release|Any CPU.Build.0 = Release|Any CPU
	EndGlobalSection
	GlobalSection(SolutionProperties) = preSolution
		HideSolutionNode = FALSE
	EndGlobalSection
	GlobalSection(NestedProjects) = preSolution
		{890ECC86-3404-4753-9C41-6E029C9FBF05} = {BD6ACC42-B191-4381-9136-395984F865E0}
		{EEB652EE-B910-49E8-979B-A28DD24D7136} = {D25003E9-D0F6-49CC-AD0D-DE04199EBDC7}
		{60F81532-ED36-4645-9470-06D3B40AF530} = {E3B86744-9F32-4E23-9E55-4AF11295F850}
	EndGlobalSection
	GlobalSection(ExtensibilityGlobals) = postSolution
		SolutionGuid = {12C5A4BB-BBFB-49E1-A38D-06A91631F0A4}
	EndGlobalSection
EndGlobal
